// !$*UTF8*$!
{
	archiveVersion = 1;
	classes = {
	};
	objectVersion = 50;
	objects = {

/* Begin PBXBuildFile section */
		1F00B6DA2368CAD200872855 /* SwiftDDPFramework.framework in Frameworks */ = {isa = PBXBuildFile; fileRef = 1F00B6D02368CAD100872855 /* SwiftDDPFramework.framework */; };
		1F00B6DF2368CAD200872855 /* SwiftDDPFrameworkTests.swift in Sources */ = {isa = PBXBuildFile; fileRef = 1F00B6DE2368CAD200872855 /* SwiftDDPFrameworkTests.swift */; };
		1F00B6E12368CAD200872855 /* SwiftDDPFramework.h in Headers */ = {isa = PBXBuildFile; fileRef = 1F00B6D32368CAD100872855 /* SwiftDDPFramework.h */; settings = {ATTRIBUTES = (Public, ); }; };
/* End PBXBuildFile section */

/* Begin PBXContainerItemProxy section */
		1F00B6DB2368CAD200872855 /* PBXContainerItemProxy */ = {
			isa = PBXContainerItemProxy;
			containerPortal = 1F00B6C72368CAD100872855 /* Project object */;
			proxyType = 1;
			remoteGlobalIDString = 1F00B6CF2368CAD100872855;
			remoteInfo = SwiftDDPFramework;
		};
/* End PBXContainerItemProxy section */

/* Begin PBXFileReference section */
		1F00B6D02368CAD100872855 /* SwiftDDPFramework.framework */ = {isa = PBXFileReference; explicitFileType = wrapper.framework; includeInIndex = 0; path = SwiftDDPFramework.framework; sourceTree = BUILT_PRODUCTS_DIR; };
		1F00B6D32368CAD100872855 /* SwiftDDPFramework.h */ = {isa = PBXFileReference; lastKnownFileType = sourcecode.c.h; path = SwiftDDPFramework.h; sourceTree = "<group>"; };
		1F00B6D42368CAD100872855 /* Info.plist */ = {isa = PBXFileReference; lastKnownFileType = text.plist.xml; path = Info.plist; sourceTree = "<group>"; };
		1F00B6D92368CAD200872855 /* SwiftDDPFrameworkTests.xctest */ = {isa = PBXFileReference; explicitFileType = wrapper.cfbundle; includeInIndex = 0; path = SwiftDDPFrameworkTests.xctest; sourceTree = BUILT_PRODUCTS_DIR; };
		1F00B6DE2368CAD200872855 /* SwiftDDPFrameworkTests.swift */ = {isa = PBXFileReference; lastKnownFileType = sourcecode.swift; path = SwiftDDPFrameworkTests.swift; sourceTree = "<group>"; };
		1F00B6E02368CAD200872855 /* Info.plist */ = {isa = PBXFileReference; lastKnownFileType = text.plist.xml; path = Info.plist; sourceTree = "<group>"; };
/* End PBXFileReference section */

/* Begin PBXFrameworksBuildPhase section */
		1F00B6CD2368CAD100872855 /* Frameworks */ = {
			isa = PBXFrameworksBuildPhase;
			buildActionMask = 2147483647;
			files = (
			);
			runOnlyForDeploymentPostprocessing = 0;
		};
		1F00B6D62368CAD200872855 /* Frameworks */ = {
			isa = PBXFrameworksBuildPhase;
			buildActionMask = 2147483647;
			files = (
				1F00B6DA2368CAD200872855 /* SwiftDDPFramework.framework in Frameworks */,
			);
			runOnlyForDeploymentPostprocessing = 0;
		};
/* End PBXFrameworksBuildPhase section */

/* Begin PBXGroup section */
		1F00B6C62368CAD100872855 = {
			isa = PBXGroup;
			children = (
				1F00B6D22368CAD100872855 /* SwiftDDPFramework */,
				1F00B6DD2368CAD200872855 /* SwiftDDPFrameworkTests */,
				1F00B6D12368CAD100872855 /* Products */,
			);
			sourceTree = "<group>";
		};
		1F00B6D12368CAD100872855 /* Products */ = {
			isa = PBXGroup;
			children = (
				1F00B6D02368CAD100872855 /* SwiftDDPFramework.framework */,
				1F00B6D92368CAD200872855 /* SwiftDDPFrameworkTests.xctest */,
			);
			name = Products;
			sourceTree = "<group>";
		};
		1F00B6D22368CAD100872855 /* SwiftDDPFramework */ = {
			isa = PBXGroup;
			children = (
				1F00B6D32368CAD100872855 /* SwiftDDPFramework.h */,
				1F00B6D42368CAD100872855 /* Info.plist */,
			);
			path = SwiftDDPFramework;
			sourceTree = "<group>";
		};
		1F00B6DD2368CAD200872855 /* SwiftDDPFrameworkTests */ = {
			isa = PBXGroup;
			children = (
				1F00B6DE2368CAD200872855 /* SwiftDDPFrameworkTests.swift */,
				1F00B6E02368CAD200872855 /* Info.plist */,
			);
			path = SwiftDDPFrameworkTests;
			sourceTree = "<group>";
		};
/* End PBXGroup section */

/* Begin PBXHeadersBuildPhase section */
		1F00B6CB2368CAD100872855 /* Headers */ = {
			isa = PBXHeadersBuildPhase;
			buildActionMask = 2147483647;
			files = (
				1F00B6E12368CAD200872855 /* SwiftDDPFramework.h in Headers */,
			);
			runOnlyForDeploymentPostprocessing = 0;
		};
/* End PBXHeadersBuildPhase section */

/* Begin PBXNativeTarget section */
		1F00B6CF2368CAD100872855 /* SwiftDDPFramework */ = {
			isa = PBXNativeTarget;
			buildConfigurationList = 1F00B6E42368CAD200872855 /* Build configuration list for PBXNativeTarget "SwiftDDPFramework" */;
			buildPhases = (
				1F00B6CB2368CAD100872855 /* Headers */,
				1F00B6CC2368CAD100872855 /* Sources */,
				1F00B6CD2368CAD100872855 /* Frameworks */,
				1F00B6CE2368CAD100872855 /* Resources */,
			);
			buildRules = (
			);
			dependencies = (
			);
			name = SwiftDDPFramework;
			productName = SwiftDDPFramework;
			productReference = 1F00B6D02368CAD100872855 /* SwiftDDPFramework.framework */;
			productType = "com.apple.product-type.framework";
		};
		1F00B6D82368CAD200872855 /* SwiftDDPFrameworkTests */ = {
			isa = PBXNativeTarget;
			buildConfigurationList = 1F00B6E72368CAD200872855 /* Build configuration list for PBXNativeTarget "SwiftDDPFrameworkTests" */;
			buildPhases = (
				1F00B6D52368CAD200872855 /* Sources */,
				1F00B6D62368CAD200872855 /* Frameworks */,
				1F00B6D72368CAD200872855 /* Resources */,
			);
			buildRules = (
			);
			dependencies = (
				1F00B6DC2368CAD200872855 /* PBXTargetDependency */,
			);
			name = SwiftDDPFrameworkTests;
			productName = SwiftDDPFrameworkTests;
			productReference = 1F00B6D92368CAD200872855 /* SwiftDDPFrameworkTests.xctest */;
			productType = "com.apple.product-type.bundle.unit-test";
		};
/* End PBXNativeTarget section */

/* Begin PBXProject section */
		1F00B6C72368CAD100872855 /* Project object */ = {
			isa = PBXProject;
			attributes = {
				LastSwiftUpdateCheck = 1110;
				LastUpgradeCheck = 1110;
				ORGANIZATIONNAME = "Methodist Le Bonheur Healthcare";
				TargetAttributes = {
					1F00B6CF2368CAD100872855 = {
						CreatedOnToolsVersion = 11.1;
					};
					1F00B6D82368CAD200872855 = {
						CreatedOnToolsVersion = 11.1;
					};
				};
			};
			buildConfigurationList = 1F00B6CA2368CAD100872855 /* Build configuration list for PBXProject "SwiftDDPFramework" */;
			compatibilityVersion = "Xcode 9.3";
			developmentRegion = en;
			hasScannedForEncodings = 0;
			knownRegions = (
				en,
				Base,
			);
			mainGroup = 1F00B6C62368CAD100872855;
			productRefGroup = 1F00B6D12368CAD100872855 /* Products */;
			projectDirPath = "";
			projectRoot = "";
			targets = (
				1F00B6CF2368CAD100872855 /* SwiftDDPFramework */,
				1F00B6D82368CAD200872855 /* SwiftDDPFrameworkTests */,
			);
		};
/* End PBXProject section */

/* Begin PBXResourcesBuildPhase section */
		1F00B6CE2368CAD100872855 /* Resources */ = {
			isa = PBXResourcesBuildPhase;
			buildActionMask = 2147483647;
			files = (
			);
			runOnlyForDeploymentPostprocessing = 0;
		};
		1F00B6D72368CAD200872855 /* Resources */ = {
			isa = PBXResourcesBuildPhase;
			buildActionMask = 2147483647;
			files = (
			);
			runOnlyForDeploymentPostprocessing = 0;
		};
/* End PBXResourcesBuildPhase section */

/* Begin PBXSourcesBuildPhase section */
		1F00B6CC2368CAD100872855 /* Sources */ = {
			isa = PBXSourcesBuildPhase;
			buildActionMask = 2147483647;
			files = (
			);
			runOnlyForDeploymentPostprocessing = 0;
		};
		1F00B6D52368CAD200872855 /* Sources */ = {
			isa = PBXSourcesBuildPhase;
			buildActionMask = 2147483647;
			files = (
				1F00B6DF2368CAD200872855 /* SwiftDDPFrameworkTests.swift in Sources */,
			);
			runOnlyForDeploymentPostprocessing = 0;
		};
/* End PBXSourcesBuildPhase section */

/* Begin PBXTargetDependency section */
		1F00B6DC2368CAD200872855 /* PBXTargetDependency */ = {
			isa = PBXTargetDependency;
			target = 1F00B6CF2368CAD100872855 /* SwiftDDPFramework */;
			targetProxy = 1F00B6DB2368CAD200872855 /* PBXContainerItemProxy */;
		};
/* End PBXTargetDependency section */

/* Begin XCBuildConfiguration section */
		1F00B6E22368CAD200872855 /* Debug */ = {
			isa = XCBuildConfiguration;
			buildSettings = {
				ALWAYS_SEARCH_USER_PATHS = NO;
				CLANG_ANALYZER_NONNULL = YES;
				CLANG_ANALYZER_NUMBER_OBJECT_CONVERSION = YES_AGGRESSIVE;
				CLANG_CXX_LANGUAGE_STANDARD = "gnu++14";
				CLANG_CXX_LIBRARY = "libc++";
				CLANG_ENABLE_MODULES = YES;
				CLANG_ENABLE_OBJC_ARC = YES;
				CLANG_ENABLE_OBJC_WEAK = YES;
				CLANG_WARN_BLOCK_CAPTURE_AUTORELEASING = YES;
				CLANG_WARN_BOOL_CONVERSION = YES;
				CLANG_WARN_COMMA = YES;
				CLANG_WARN_CONSTANT_CONVERSION = YES;
				CLANG_WARN_DEPRECATED_OBJC_IMPLEMENTATIONS = YES;
				CLANG_WARN_DIRECT_OBJC_ISA_USAGE = YES_ERROR;
				CLANG_WARN_DOCUMENTATION_COMMENTS = YES;
				CLANG_WARN_EMPTY_BODY = YES;
				CLANG_WARN_ENUM_CONVERSION = YES;
				CLANG_WARN_INFINITE_RECURSION = YES;
				CLANG_WARN_INT_CONVERSION = YES;
				CLANG_WARN_NON_LITERAL_NULL_CONVERSION = YES;
				CLANG_WARN_OBJC_IMPLICIT_RETAIN_SELF = YES;
				CLANG_WARN_OBJC_LITERAL_CONVERSION = YES;
				CLANG_WARN_OBJC_ROOT_CLASS = YES_ERROR;
				CLANG_WARN_RANGE_LOOP_ANALYSIS = YES;
				CLANG_WARN_STRICT_PROTOTYPES = YES;
				CLANG_WARN_SUSPICIOUS_MOVE = YES;
				CLANG_WARN_UNGUARDED_AVAILABILITY = YES_AGGRESSIVE;
				CLANG_WARN_UNREACHABLE_CODE = YES;
				CLANG_WARN__DUPLICATE_METHOD_MATCH = YES;
				COPY_PHASE_STRIP = NO;
				CURRENT_PROJECT_VERSION = 1;
				DEBUG_INFORMATION_FORMAT = dwarf;
				ENABLE_STRICT_OBJC_MSGSEND = YES;
				ENABLE_TESTABILITY = YES;
				GCC_C_LANGUAGE_STANDARD = gnu11;
				GCC_DYNAMIC_NO_PIC = NO;
				GCC_NO_COMMON_BLOCKS = YES;
				GCC_OPTIMIZATION_LEVEL = 0;
				GCC_PREPROCESSOR_DEFINITIONS = (
					"DEBUG=1",
					"$(inherited)",
				);
				GCC_WARN_64_TO_32_BIT_CONVERSION = YES;
				GCC_WARN_ABOUT_RETURN_TYPE = YES_ERROR;
				GCC_WARN_UNDECLARED_SELECTOR = YES;
				GCC_WARN_UNINITIALIZED_AUTOS = YES_AGGRESSIVE;
				GCC_WARN_UNUSED_FUNCTION = YES;
				GCC_WARN_UNUSED_VARIABLE = YES;
				IPHONEOS_DEPLOYMENT_TARGET = 13.1;
				MTL_ENABLE_DEBUG_INFO = INCLUDE_SOURCE;
				MTL_FAST_MATH = YES;
				ONLY_ACTIVE_ARCH = YES;
				SDKROOT = iphoneos;
				SWIFT_ACTIVE_COMPILATION_CONDITIONS = DEBUG;
				SWIFT_OPTIMIZATION_LEVEL = "-Onone";
				VERSIONING_SYSTEM = "apple-generic";
				VERSION_INFO_PREFIX = "";
			};
			name = Debug;
		};
		1F00B6E32368CAD200872855 /* Release */ = {
			isa = XCBuildConfiguration;
			buildSettings = {
				ALWAYS_SEARCH_USER_PATHS = NO;
				CLANG_ANALYZER_NONNULL = YES;
				CLANG_ANALYZER_NUMBER_OBJECT_CONVERSION = YES_AGGRESSIVE;
				CLANG_CXX_LANGUAGE_STANDARD = "gnu++14";
				CLANG_CXX_LIBRARY = "libc++";
				CLANG_ENABLE_MODULES = YES;
				CLANG_ENABLE_OBJC_ARC = YES;
				CLANG_ENABLE_OBJC_WEAK = YES;
				CLANG_WARN_BLOCK_CAPTURE_AUTORELEASING = YES;
				CLANG_WARN_BOOL_CONVERSION = YES;
				CLANG_WARN_COMMA = YES;
				CLANG_WARN_CONSTANT_CONVERSION = YES;
				CLANG_WARN_DEPRECATED_OBJC_IMPLEMENTATIONS = YES;
				CLANG_WARN_DIRECT_OBJC_ISA_USAGE = YES_ERROR;
				CLANG_WARN_DOCUMENTATION_COMMENTS = YES;
				CLANG_WARN_EMPTY_BODY = YES;
				CLANG_WARN_ENUM_CONVERSION = YES;
				CLANG_WARN_INFINITE_RECURSION = YES;
				CLANG_WARN_INT_CONVERSION = YES;
				CLANG_WARN_NON_LITERAL_NULL_CONVERSION = YES;
				CLANG_WARN_OBJC_IMPLICIT_RETAIN_SELF = YES;
				CLANG_WARN_OBJC_LITERAL_CONVERSION = YES;
				CLANG_WARN_OBJC_ROOT_CLASS = YES_ERROR;
				CLANG_WARN_RANGE_LOOP_ANALYSIS = YES;
				CLANG_WARN_STRICT_PROTOTYPES = YES;
				CLANG_WARN_SUSPICIOUS_MOVE = YES;
				CLANG_WARN_UNGUARDED_AVAILABILITY = YES_AGGRESSIVE;
				CLANG_WARN_UNREACHABLE_CODE = YES;
				CLANG_WARN__DUPLICATE_METHOD_MATCH = YES;
				COPY_PHASE_STRIP = NO;
				CURRENT_PROJECT_VERSION = 1;
				DEBUG_INFORMATION_FORMAT = "dwarf-with-dsym";
				ENABLE_NS_ASSERTIONS = NO;
				ENABLE_STRICT_OBJC_MSGSEND = YES;
				GCC_C_LANGUAGE_STANDARD = gnu11;
				GCC_NO_COMMON_BLOCKS = YES;
				GCC_WARN_64_TO_32_BIT_CONVERSION = YES;
				GCC_WARN_ABOUT_RETURN_TYPE = YES_ERROR;
				GCC_WARN_UNDECLARED_SELECTOR = YES;
				GCC_WARN_UNINITIALIZED_AUTOS = YES_AGGRESSIVE;
				GCC_WARN_UNUSED_FUNCTION = YES;
				GCC_WARN_UNUSED_VARIABLE = YES;
				IPHONEOS_DEPLOYMENT_TARGET = 13.1;
				MTL_ENABLE_DEBUG_INFO = NO;
				MTL_FAST_MATH = YES;
				SDKROOT = iphoneos;
				SWIFT_COMPILATION_MODE = wholemodule;
				SWIFT_OPTIMIZATION_LEVEL = "-O";
				VALIDATE_PRODUCT = YES;
				VERSIONING_SYSTEM = "apple-generic";
				VERSION_INFO_PREFIX = "";
			};
			name = Release;
		};
		1F00B6E52368CAD200872855 /* Debug */ = {
			isa = XCBuildConfiguration;
			buildSettings = {
				CODE_SIGN_STYLE = Automatic;
				DEFINES_MODULE = YES;
				DEVELOPMENT_TEAM = KR4WD4YD4Q;
				DYLIB_COMPATIBILITY_VERSION = 1;
				DYLIB_CURRENT_VERSION = 1;
				DYLIB_INSTALL_NAME_BASE = "@rpath";
				INFOPLIST_FILE = SwiftDDPFramework/Info.plist;
				INSTALL_PATH = "$(LOCAL_LIBRARY_DIR)/Frameworks";
				LD_RUNPATH_SEARCH_PATHS = (
					"$(inherited)",
					"@executable_path/Frameworks",
					"@loader_path/Frameworks",
				);
				PRODUCT_BUNDLE_IDENTIFIER = org.mlh.SwiftDDPFramework;
				PRODUCT_NAME = "$(TARGET_NAME:c99extidentifier)";
				SKIP_INSTALL = YES;
				SWIFT_VERSION = 5.0;
				TARGETED_DEVICE_FAMILY = "1,2";
			};
			name = Debug;
		};
		1F00B6E62368CAD200872855 /* Release */ = {
			isa = XCBuildConfiguration;
			buildSettings = {
				CODE_SIGN_STYLE = Automatic;
				DEFINES_MODULE = YES;
				DEVELOPMENT_TEAM = KR4WD4YD4Q;
				DYLIB_COMPATIBILITY_VERSION = 1;
				DYLIB_CURRENT_VERSION = 1;
				DYLIB_INSTALL_NAME_BASE = "@rpath";
				INFOPLIST_FILE = SwiftDDPFramework/Info.plist;
				INSTALL_PATH = "$(LOCAL_LIBRARY_DIR)/Frameworks";
				LD_RUNPATH_SEARCH_PATHS = (
					"$(inherited)",
					"@executable_path/Frameworks",
					"@loader_path/Frameworks",
				);
				PRODUCT_BUNDLE_IDENTIFIER = org.mlh.SwiftDDPFramework;
				PRODUCT_NAME = "$(TARGET_NAME:c99extidentifier)";
				SKIP_INSTALL = YES;
				SWIFT_VERSION = 5.0;
				TARGETED_DEVICE_FAMILY = "1,2";
			};
			name = Release;
		};
		1F00B6E82368CAD200872855 /* Debug */ = {
			isa = XCBuildConfiguration;
			buildSettings = {
				CODE_SIGN_STYLE = Automatic;
				DEVELOPMENT_TEAM = KR4WD4YD4Q;
				INFOPLIST_FILE = SwiftDDPFrameworkTests/Info.plist;
				LD_RUNPATH_SEARCH_PATHS = (
					"$(inherited)",
					"@executable_path/Frameworks",
					"@loader_path/Frameworks",
				);
				PRODUCT_BUNDLE_IDENTIFIER = org.mlh.SwiftDDPFrameworkTests;
				PRODUCT_NAME = "$(TARGET_NAME)";
				SWIFT_VERSION = 5.0;
				TARGETED_DEVICE_FAMILY = "1,2";
			};
			name = Debug;
		};
		1F00B6E92368CAD200872855 /* Release */ = {
			isa = XCBuildConfiguration;
			buildSettings = {
				CODE_SIGN_STYLE = Automatic;
				DEVELOPMENT_TEAM = KR4WD4YD4Q;
				INFOPLIST_FILE = SwiftDDPFrameworkTests/Info.plist;
				LD_RUNPATH_SEARCH_PATHS = (
					"$(inherited)",
					"@executable_path/Frameworks",
					"@loader_path/Frameworks",
				);
				PRODUCT_BUNDLE_IDENTIFIER = org.mlh.SwiftDDPFrameworkTests;
				PRODUCT_NAME = "$(TARGET_NAME)";
				SWIFT_VERSION = 5.0;
				TARGETED_DEVICE_FAMILY = "1,2";
			};
			name = Release;
		};
/* End XCBuildConfiguration section */

/* Begin XCConfigurationList section */
		1F00B6CA2368CAD100872855 /* Build configuration list for PBXProject "SwiftDDPFramework" */ = {
			isa = XCConfigurationList;
			buildConfigurations = (
				1F00B6E22368CAD200872855 /* Debug */,
				1F00B6E32368CAD200872855 /* Release */,
			);
			defaultConfigurationIsVisible = 0;
			defaultConfigurationName = Release;
		};
		1F00B6E42368CAD200872855 /* Build configuration list for PBXNativeTarget "SwiftDDPFramework" */ = {
			isa = XCConfigurationList;
			buildConfigurations = (
				1F00B6E52368CAD200872855 /* Debug */,
				1F00B6E62368CAD200872855 /* Release */,
			);
			defaultConfigurationIsVisible = 0;
			defaultConfigurationName = Release;
		};
		1F00B6E72368CAD200872855 /* Build configuration list for PBXNativeTarget "SwiftDDPFrameworkTests" */ = {
			isa = XCConfigurationList;
			buildConfigurations = (
				1F00B6E82368CAD200872855 /* Debug */,
				1F00B6E92368CAD200872855 /* Release */,
			);
			defaultConfigurationIsVisible = 0;
			defaultConfigurationName = Release;
		};
/* End XCConfigurationList section */
	};
	rootObject = 1F00B6C72368CAD100872855 /* Project object */;
}
